
Microsoft Visual Studio Solution File, Format Version 12.00
# Visual Studio 15
VisualStudioVersion = 15.0.27703.2042
MinimumVisualStudioVersion = 10.0.40219.1
Project("{FAE04EC0-301F-11D3-BF4B-00C04F79EFBC}") = "kidshibuya", "kidshibuya\kidshibuya.csproj", "{4C7558A1-1B20-4ABC-8FF0-571FE625FBF1}"
EndProject
Global
	GlobalSection(SolutionConfigurationPlatforms) = preSolution
		Debug|Any CPU = Debug|Any CPU
		Release|Any CPU = Release|Any CPU
	EndGlobalSection
	GlobalSection(ProjectConfigurationPlatforms) = postSolution
		{4C7558A1-1B20-4ABC-8FF0-571FE625FBF1}.Debug|Any CPU.ActiveCfg = Debug|Any CPU
		{4C7558A1-1B20-4ABC-8FF0-571FE625FBF1}.Debug|Any CPU.Build.0 = Debug|Any CPU
		{4C7558A1-1B20-4ABC-8FF0-571FE625FBF1}.Release|Any CPU.ActiveCfg = Release|Any CPU
		{4C7558A1-1B20-4ABC-8FF0-571FE625FBF1}.Release|Any CPU.Build.0 = Release|Any CPU
	EndGlobalSection
	GlobalSection(SolutionProperties) = preSolution
		HideSolutionNode = FALSE
	EndGlobalSection
	GlobalSection(ExtensibilityGlobals) = postSolution
		SolutionGuid = {103B61A5-A7A0-4BCC-B39A-F6BE9D74E073}
	EndGlobalSection
EndGlobal
